
Microsoft Visual Studio Solution File, Format Version 12.00
# Visual Studio Version 16
VisualStudioVersion = 16.0.31613.86
MinimumVisualStudioVersion = 10.0.40219.1
Project("{FAE04EC0-301F-11D3-BF4B-00C04F79EFBC}") = "Laba1-2", "Laba1-2\Laba1-2.csproj", "{759C775F-A89E-4D74-AC91-26D15D2239DC}"
EndProject
Global
	GlobalSection(SolutionConfigurationPlatforms) = preSolution
		Debug|Any CPU = Debug|Any CPU
		Release|Any CPU = Release|Any CPU
	EndGlobalSection
	GlobalSection(ProjectConfigurationPlatforms) = postSolution
		{759C775F-A89E-4D74-AC91-26D15D2239DC}.Debug|Any CPU.ActiveCfg = Debug|Any CPU
		{759C775F-A89E-4D74-AC91-26D15D2239DC}.Debug|Any CPU.Build.0 = Debug|Any CPU
		{759C775F-A89E-4D74-AC91-26D15D2239DC}.Release|Any CPU.ActiveCfg = Release|Any CPU
		{759C775F-A89E-4D74-AC91-26D15D2239DC}.Release|Any CPU.Build.0 = Release|Any CPU
	EndGlobalSection
	GlobalSection(SolutionProperties) = preSolution
		HideSolutionNode = FALSE
	EndGlobalSection
	GlobalSection(ExtensibilityGlobals) = postSolution
		SolutionGuid = {B4A55EFB-15A2-4AAD-8B41-9706285AB144}
	EndGlobalSection
EndGlobal
